
Microsoft Visual Studio Solution File, Format Version 12.00
# Visual Studio Version 16
VisualStudioVersion = 16.0.30114.105
MinimumVisualStudioVersion = 10.0.40219.1
Project("{FAE04EC0-301F-11D3-BF4B-00C04F79EFBC}") = "DependencyInjection", "DependencyInjection\DependencyInjection.csproj", "{57A685CA-30CB-4C36-8AB4-F506E2631FF4}"
EndProject
Project("{FAE04EC0-301F-11D3-BF4B-00C04F79EFBC}") = "Delegates", "Delegates\Delegates.csproj", "{7A923017-6B18-453A-925B-62294B8F0213}"
EndProject
Project("{FAE04EC0-301F-11D3-BF4B-00C04F79EFBC}") = "Async", "Async\Async.csproj", "{EAFE0F15-B245-4562-A65C-DFA26137AD03}"
EndProject
Project("{FAE04EC0-301F-11D3-BF4B-00C04F79EFBC}") = "Generics", "Generics\Generics.csproj", "{CE31BB82-465A-4885-8D63-AAD597F228DF}"
EndProject
Project("{FAE04EC0-301F-11D3-BF4B-00C04F79EFBC}") = "VarianceType", "VarianceType\VarianceType.csproj", "{5219C98D-71FF-4762-8FD6-5861FA02C7B2}"
EndProject
Project("{FAE04EC0-301F-11D3-BF4B-00C04F79EFBC}") = "Events", "Events\Events.csproj", "{DF787B49-5496-4DA5-930F-F0F2B325E919}"
EndProject
Project("{FAE04EC0-301F-11D3-BF4B-00C04F79EFBC}") = "Middleware", "Middleware\Middleware.csproj", "{693DA648-8B08-449D-8DA8-48AF320598C4}"
EndProject
Project("{FAE04EC0-301F-11D3-BF4B-00C04F79EFBC}") = "AzureSpeech", "AzureSpeech\AzureSpeech.csproj", "{534CB528-721E-499A-94FA-1F7B6F7C41C0}"
EndProject
Project("{FAE04EC0-301F-11D3-BF4B-00C04F79EFBC}") = "ConsoleConfig", "ConsoleConfig\ConsoleConfig.csproj", "{62D324FC-5FFB-4FEA-BE4A-49DB237519C0}"
EndProject
Project("{FAE04EC0-301F-11D3-BF4B-00C04F79EFBC}") = "ElectronApp", "ElectronApp\ElectronApp.csproj", "{4179E659-F1FB-4959-B340-BA74C34DC149}"
EndProject
Project("{FAE04EC0-301F-11D3-BF4B-00C04F79EFBC}") = "SmartEnum", "SmartEnum\SmartEnum.csproj", "{117EE6EA-21F4-4DA8-BAAD-92739FA03290}"
EndProject
Project("{FAE04EC0-301F-11D3-BF4B-00C04F79EFBC}") = "FunctionalProgram", "FunctionalProgram\FunctionalProgram.csproj", "{566D4523-7A06-4877-ABFE-35C8B5DE3815}"
EndProject
Project("{FAE04EC0-301F-11D3-BF4B-00C04F79EFBC}") = "Logging", "Logging\Logging.csproj", "{F74DEFFA-8875-4F3F-AD88-1FCE8DA2AE54}"
EndProject
Project("{FAE04EC0-301F-11D3-BF4B-00C04F79EFBC}") = "Threading", "Threading\Threading.csproj", "{2F0EDE31-4E11-4F03-884E-CEBF9E163ABC}"
EndProject
Project("{FAE04EC0-301F-11D3-BF4B-00C04F79EFBC}") = "BenchMarkTest", "BenchMarkTest\BenchMarkTest.csproj", "{313A5B6B-59E6-4F27-9762-9E368E19A89B}"
EndProject
Project("{FAE04EC0-301F-11D3-BF4B-00C04F79EFBC}") = "HttpClientUnitTest", "HttpClientUnitTest\HttpClientUnitTest.csproj", "{274F61F0-DD98-47C4-8A6D-7F2E68D7A167}"
EndProject
Project("{FAE04EC0-301F-11D3-BF4B-00C04F79EFBC}") = "Net6Test", "Net6Test\Net6Test.csproj", "{3305B7B8-077D-4719-A5D1-116C69F3EBA7}"
EndProject
Global
	GlobalSection(SolutionConfigurationPlatforms) = preSolution
		Debug|Any CPU = Debug|Any CPU
		Debug|x64 = Debug|x64
		Debug|x86 = Debug|x86
		Release|Any CPU = Release|Any CPU
		Release|x64 = Release|x64
		Release|x86 = Release|x86
	EndGlobalSection
	GlobalSection(SolutionProperties) = preSolution
		HideSolutionNode = FALSE
	EndGlobalSection
	GlobalSection(ProjectConfigurationPlatforms) = postSolution
		{57A685CA-30CB-4C36-8AB4-F506E2631FF4}.Debug|Any CPU.ActiveCfg = Debug|Any CPU
		{57A685CA-30CB-4C36-8AB4-F506E2631FF4}.Debug|Any CPU.Build.0 = Debug|Any CPU
		{57A685CA-30CB-4C36-8AB4-F506E2631FF4}.Debug|x64.ActiveCfg = Debug|Any CPU
		{57A685CA-30CB-4C36-8AB4-F506E2631FF4}.Debug|x64.Build.0 = Debug|Any CPU
		{57A685CA-30CB-4C36-8AB4-F506E2631FF4}.Debug|x86.ActiveCfg = Debug|Any CPU
		{57A685CA-30CB-4C36-8AB4-F506E2631FF4}.Debug|x86.Build.0 = Debug|Any CPU
		{57A685CA-30CB-4C36-8AB4-F506E2631FF4}.Release|Any CPU.ActiveCfg = Release|Any CPU
		{57A685CA-30CB-4C36-8AB4-F506E2631FF4}.Release|Any CPU.Build.0 = Release|Any CPU
		{57A685CA-30CB-4C36-8AB4-F506E2631FF4}.Release|x64.ActiveCfg = Release|Any CPU
		{57A685CA-30CB-4C36-8AB4-F506E2631FF4}.Release|x64.Build.0 = Release|Any CPU
		{57A685CA-30CB-4C36-8AB4-F506E2631FF4}.Release|x86.ActiveCfg = Release|Any CPU
		{57A685CA-30CB-4C36-8AB4-F506E2631FF4}.Release|x86.Build.0 = Release|Any CPU
		{7A923017-6B18-453A-925B-62294B8F0213}.Debug|Any CPU.ActiveCfg = Debug|Any CPU
		{7A923017-6B18-453A-925B-62294B8F0213}.Debug|Any CPU.Build.0 = Debug|Any CPU
		{7A923017-6B18-453A-925B-62294B8F0213}.Debug|x64.ActiveCfg = Debug|Any CPU
		{7A923017-6B18-453A-925B-62294B8F0213}.Debug|x64.Build.0 = Debug|Any CPU
		{7A923017-6B18-453A-925B-62294B8F0213}.Debug|x86.ActiveCfg = Debug|Any CPU
		{7A923017-6B18-453A-925B-62294B8F0213}.Debug|x86.Build.0 = Debug|Any CPU
		{7A923017-6B18-453A-925B-62294B8F0213}.Release|Any CPU.ActiveCfg = Release|Any CPU
		{7A923017-6B18-453A-925B-62294B8F0213}.Release|Any CPU.Build.0 = Release|Any CPU
		{7A923017-6B18-453A-925B-62294B8F0213}.Release|x64.ActiveCfg = Release|Any CPU
		{7A923017-6B18-453A-925B-62294B8F0213}.Release|x64.Build.0 = Release|Any CPU
		{7A923017-6B18-453A-925B-62294B8F0213}.Release|x86.ActiveCfg = Release|Any CPU
		{7A923017-6B18-453A-925B-62294B8F0213}.Release|x86.Build.0 = Release|Any CPU
		{EAFE0F15-B245-4562-A65C-DFA26137AD03}.Debug|Any CPU.ActiveCfg = Debug|Any CPU
		{EAFE0F15-B245-4562-A65C-DFA26137AD03}.Debug|Any CPU.Build.0 = Debug|Any CPU
		{EAFE0F15-B245-4562-A65C-DFA26137AD03}.Debug|x64.ActiveCfg = Debug|Any CPU
		{EAFE0F15-B245-4562-A65C-DFA26137AD03}.Debug|x64.Build.0 = Debug|Any CPU
		{EAFE0F15-B245-4562-A65C-DFA26137AD03}.Debug|x86.ActiveCfg = Debug|Any CPU
		{EAFE0F15-B245-4562-A65C-DFA26137AD03}.Debug|x86.Build.0 = Debug|Any CPU
		{EAFE0F15-B245-4562-A65C-DFA26137AD03}.Release|Any CPU.ActiveCfg = Release|Any CPU
		{EAFE0F15-B245-4562-A65C-DFA26137AD03}.Release|Any CPU.Build.0 = Release|Any CPU
		{EAFE0F15-B245-4562-A65C-DFA26137AD03}.Release|x64.ActiveCfg = Release|Any CPU
		{EAFE0F15-B245-4562-A65C-DFA26137AD03}.Release|x64.Build.0 = Release|Any CPU
		{EAFE0F15-B245-4562-A65C-DFA26137AD03}.Release|x86.ActiveCfg = Release|Any CPU
		{EAFE0F15-B245-4562-A65C-DFA26137AD03}.Release|x86.Build.0 = Release|Any CPU
		{CE31BB82-465A-4885-8D63-AAD597F228DF}.Debug|Any CPU.ActiveCfg = Debug|Any CPU
		{CE31BB82-465A-4885-8D63-AAD597F228DF}.Debug|Any CPU.Build.0 = Debug|Any CPU
		{CE31BB82-465A-4885-8D63-AAD597F228DF}.Debug|x64.ActiveCfg = Debug|Any CPU
		{CE31BB82-465A-4885-8D63-AAD597F228DF}.Debug|x64.Build.0 = Debug|Any CPU
		{CE31BB82-465A-4885-8D63-AAD597F228DF}.Debug|x86.ActiveCfg = Debug|Any CPU
		{CE31BB82-465A-4885-8D63-AAD597F228DF}.Debug|x86.Build.0 = Debug|Any CPU
		{CE31BB82-465A-4885-8D63-AAD597F228DF}.Release|Any CPU.ActiveCfg = Release|Any CPU
		{CE31BB82-465A-4885-8D63-AAD597F228DF}.Release|Any CPU.Build.0 = Release|Any CPU
		{CE31BB82-465A-4885-8D63-AAD597F228DF}.Release|x64.ActiveCfg = Release|Any CPU
		{CE31BB82-465A-4885-8D63-AAD597F228DF}.Release|x64.Build.0 = Release|Any CPU
		{CE31BB82-465A-4885-8D63-AAD597F228DF}.Release|x86.ActiveCfg = Release|Any CPU
		{CE31BB82-465A-4885-8D63-AAD597F228DF}.Release|x86.Build.0 = Release|Any CPU
		{5219C98D-71FF-4762-8FD6-5861FA02C7B2}.Debug|Any CPU.ActiveCfg = Debug|Any CPU
		{5219C98D-71FF-4762-8FD6-5861FA02C7B2}.Debug|Any CPU.Build.0 = Debug|Any CPU
		{5219C98D-71FF-4762-8FD6-5861FA02C7B2}.Debug|x64.ActiveCfg = Debug|Any CPU
		{5219C98D-71FF-4762-8FD6-5861FA02C7B2}.Debug|x64.Build.0 = Debug|Any CPU
		{5219C98D-71FF-4762-8FD6-5861FA02C7B2}.Debug|x86.ActiveCfg = Debug|Any CPU
		{5219C98D-71FF-4762-8FD6-5861FA02C7B2}.Debug|x86.Build.0 = Debug|Any CPU
		{5219C98D-71FF-4762-8FD6-5861FA02C7B2}.Release|Any CPU.ActiveCfg = Release|Any CPU
		{5219C98D-71FF-4762-8FD6-5861FA02C7B2}.Release|Any CPU.Build.0 = Release|Any CPU
		{5219C98D-71FF-4762-8FD6-5861FA02C7B2}.Release|x64.ActiveCfg = Release|Any CPU
		{5219C98D-71FF-4762-8FD6-5861FA02C7B2}.Release|x64.Build.0 = Release|Any CPU
		{5219C98D-71FF-4762-8FD6-5861FA02C7B2}.Release|x86.ActiveCfg = Release|Any CPU
		{5219C98D-71FF-4762-8FD6-5861FA02C7B2}.Release|x86.Build.0 = Release|Any CPU
		{DF787B49-5496-4DA5-930F-F0F2B325E919}.Debug|Any CPU.ActiveCfg = Debug|Any CPU
		{DF787B49-5496-4DA5-930F-F0F2B325E919}.Debug|Any CPU.Build.0 = Debug|Any CPU
		{DF787B49-5496-4DA5-930F-F0F2B325E919}.Debug|x64.ActiveCfg = Debug|Any CPU
		{DF787B49-5496-4DA5-930F-F0F2B325E919}.Debug|x64.Build.0 = Debug|Any CPU
		{DF787B49-5496-4DA5-930F-F0F2B325E919}.Debug|x86.ActiveCfg = Debug|Any CPU
		{DF787B49-5496-4DA5-930F-F0F2B325E919}.Debug|x86.Build.0 = Debug|Any CPU
		{DF787B49-5496-4DA5-930F-F0F2B325E919}.Release|Any CPU.ActiveCfg = Release|Any CPU
		{DF787B49-5496-4DA5-930F-F0F2B325E919}.Release|Any CPU.Build.0 = Release|Any CPU
		{DF787B49-5496-4DA5-930F-F0F2B325E919}.Release|x64.ActiveCfg = Release|Any CPU
		{DF787B49-5496-4DA5-930F-F0F2B325E919}.Release|x64.Build.0 = Release|Any CPU
		{DF787B49-5496-4DA5-930F-F0F2B325E919}.Release|x86.ActiveCfg = Release|Any CPU
		{DF787B49-5496-4DA5-930F-F0F2B325E919}.Release|x86.Build.0 = Release|Any CPU
		{693DA648-8B08-449D-8DA8-48AF320598C4}.Debug|Any CPU.ActiveCfg = Debug|Any CPU
		{693DA648-8B08-449D-8DA8-48AF320598C4}.Debug|Any CPU.Build.0 = Debug|Any CPU
		{693DA648-8B08-449D-8DA8-48AF320598C4}.Debug|x64.ActiveCfg = Debug|Any CPU
		{693DA648-8B08-449D-8DA8-48AF320598C4}.Debug|x64.Build.0 = Debug|Any CPU
		{693DA648-8B08-449D-8DA8-48AF320598C4}.Debug|x86.ActiveCfg = Debug|Any CPU
		{693DA648-8B08-449D-8DA8-48AF320598C4}.Debug|x86.Build.0 = Debug|Any CPU
		{693DA648-8B08-449D-8DA8-48AF320598C4}.Release|Any CPU.ActiveCfg = Release|Any CPU
		{693DA648-8B08-449D-8DA8-48AF320598C4}.Release|Any CPU.Build.0 = Release|Any CPU
		{693DA648-8B08-449D-8DA8-48AF320598C4}.Release|x64.ActiveCfg = Release|Any CPU
		{693DA648-8B08-449D-8DA8-48AF320598C4}.Release|x64.Build.0 = Release|Any CPU
		{693DA648-8B08-449D-8DA8-48AF320598C4}.Release|x86.ActiveCfg = Release|Any CPU
		{693DA648-8B08-449D-8DA8-48AF320598C4}.Release|x86.Build.0 = Release|Any CPU
		{534CB528-721E-499A-94FA-1F7B6F7C41C0}.Debug|Any CPU.ActiveCfg = Debug|Any CPU
		{534CB528-721E-499A-94FA-1F7B6F7C41C0}.Debug|Any CPU.Build.0 = Debug|Any CPU
		{534CB528-721E-499A-94FA-1F7B6F7C41C0}.Debug|x64.ActiveCfg = Debug|Any CPU
		{534CB528-721E-499A-94FA-1F7B6F7C41C0}.Debug|x64.Build.0 = Debug|Any CPU
		{534CB528-721E-499A-94FA-1F7B6F7C41C0}.Debug|x86.ActiveCfg = Debug|Any CPU
		{534CB528-721E-499A-94FA-1F7B6F7C41C0}.Debug|x86.Build.0 = Debug|Any CPU
		{534CB528-721E-499A-94FA-1F7B6F7C41C0}.Release|Any CPU.ActiveCfg = Release|Any CPU
		{534CB528-721E-499A-94FA-1F7B6F7C41C0}.Release|Any CPU.Build.0 = Release|Any CPU
		{534CB528-721E-499A-94FA-1F7B6F7C41C0}.Release|x64.ActiveCfg = Release|Any CPU
		{534CB528-721E-499A-94FA-1F7B6F7C41C0}.Release|x64.Build.0 = Release|Any CPU
		{534CB528-721E-499A-94FA-1F7B6F7C41C0}.Release|x86.ActiveCfg = Release|Any CPU
		{534CB528-721E-499A-94FA-1F7B6F7C41C0}.Release|x86.Build.0 = Release|Any CPU
		{62D324FC-5FFB-4FEA-BE4A-49DB237519C0}.Debug|Any CPU.ActiveCfg = Debug|Any CPU
		{62D324FC-5FFB-4FEA-BE4A-49DB237519C0}.Debug|Any CPU.Build.0 = Debug|Any CPU
		{62D324FC-5FFB-4FEA-BE4A-49DB237519C0}.Debug|x64.ActiveCfg = Debug|Any CPU
		{62D324FC-5FFB-4FEA-BE4A-49DB237519C0}.Debug|x64.Build.0 = Debug|Any CPU
		{62D324FC-5FFB-4FEA-BE4A-49DB237519C0}.Debug|x86.ActiveCfg = Debug|Any CPU
		{62D324FC-5FFB-4FEA-BE4A-49DB237519C0}.Debug|x86.Build.0 = Debug|Any CPU
		{62D324FC-5FFB-4FEA-BE4A-49DB237519C0}.Release|Any CPU.ActiveCfg = Release|Any CPU
		{62D324FC-5FFB-4FEA-BE4A-49DB237519C0}.Release|Any CPU.Build.0 = Release|Any CPU
		{62D324FC-5FFB-4FEA-BE4A-49DB237519C0}.Release|x64.ActiveCfg = Release|Any CPU
		{62D324FC-5FFB-4FEA-BE4A-49DB237519C0}.Release|x64.Build.0 = Release|Any CPU
		{62D324FC-5FFB-4FEA-BE4A-49DB237519C0}.Release|x86.ActiveCfg = Release|Any CPU
		{62D324FC-5FFB-4FEA-BE4A-49DB237519C0}.Release|x86.Build.0 = Release|Any CPU
		{4179E659-F1FB-4959-B340-BA74C34DC149}.Debug|Any CPU.ActiveCfg = Debug|Any CPU
		{4179E659-F1FB-4959-B340-BA74C34DC149}.Debug|Any CPU.Build.0 = Debug|Any CPU
		{4179E659-F1FB-4959-B340-BA74C34DC149}.Debug|x64.ActiveCfg = Debug|Any CPU
		{4179E659-F1FB-4959-B340-BA74C34DC149}.Debug|x64.Build.0 = Debug|Any CPU
		{4179E659-F1FB-4959-B340-BA74C34DC149}.Debug|x86.ActiveCfg = Debug|Any CPU
		{4179E659-F1FB-4959-B340-BA74C34DC149}.Debug|x86.Build.0 = Debug|Any CPU
		{4179E659-F1FB-4959-B340-BA74C34DC149}.Release|Any CPU.ActiveCfg = Release|Any CPU
		{4179E659-F1FB-4959-B340-BA74C34DC149}.Release|Any CPU.Build.0 = Release|Any CPU
		{4179E659-F1FB-4959-B340-BA74C34DC149}.Release|x64.ActiveCfg = Release|Any CPU
		{4179E659-F1FB-4959-B340-BA74C34DC149}.Release|x64.Build.0 = Release|Any CPU
		{4179E659-F1FB-4959-B340-BA74C34DC149}.Release|x86.ActiveCfg = Release|Any CPU
		{4179E659-F1FB-4959-B340-BA74C34DC149}.Release|x86.Build.0 = Release|Any CPU
		{117EE6EA-21F4-4DA8-BAAD-92739FA03290}.Debug|Any CPU.ActiveCfg = Debug|Any CPU
		{117EE6EA-21F4-4DA8-BAAD-92739FA03290}.Debug|Any CPU.Build.0 = Debug|Any CPU
		{117EE6EA-21F4-4DA8-BAAD-92739FA03290}.Debug|x64.ActiveCfg = Debug|Any CPU
		{117EE6EA-21F4-4DA8-BAAD-92739FA03290}.Debug|x64.Build.0 = Debug|Any CPU
		{117EE6EA-21F4-4DA8-BAAD-92739FA03290}.Debug|x86.ActiveCfg = Debug|Any CPU
		{117EE6EA-21F4-4DA8-BAAD-92739FA03290}.Debug|x86.Build.0 = Debug|Any CPU
		{117EE6EA-21F4-4DA8-BAAD-92739FA03290}.Release|Any CPU.ActiveCfg = Release|Any CPU
		{117EE6EA-21F4-4DA8-BAAD-92739FA03290}.Release|Any CPU.Build.0 = Release|Any CPU
		{117EE6EA-21F4-4DA8-BAAD-92739FA03290}.Release|x64.ActiveCfg = Release|Any CPU
		{117EE6EA-21F4-4DA8-BAAD-92739FA03290}.Release|x64.Build.0 = Release|Any CPU
		{117EE6EA-21F4-4DA8-BAAD-92739FA03290}.Release|x86.ActiveCfg = Release|Any CPU
		{117EE6EA-21F4-4DA8-BAAD-92739FA03290}.Release|x86.Build.0 = Release|Any CPU
		{566D4523-7A06-4877-ABFE-35C8B5DE3815}.Debug|Any CPU.ActiveCfg = Debug|Any CPU
		{566D4523-7A06-4877-ABFE-35C8B5DE3815}.Debug|Any CPU.Build.0 = Debug|Any CPU
		{566D4523-7A06-4877-ABFE-35C8B5DE3815}.Debug|x64.ActiveCfg = Debug|Any CPU
		{566D4523-7A06-4877-ABFE-35C8B5DE3815}.Debug|x64.Build.0 = Debug|Any CPU
		{566D4523-7A06-4877-ABFE-35C8B5DE3815}.Debug|x86.ActiveCfg = Debug|Any CPU
		{566D4523-7A06-4877-ABFE-35C8B5DE3815}.Debug|x86.Build.0 = Debug|Any CPU
		{566D4523-7A06-4877-ABFE-35C8B5DE3815}.Release|Any CPU.ActiveCfg = Release|Any CPU
		{566D4523-7A06-4877-ABFE-35C8B5DE3815}.Release|Any CPU.Build.0 = Release|Any CPU
		{566D4523-7A06-4877-ABFE-35C8B5DE3815}.Release|x64.ActiveCfg = Release|Any CPU
		{566D4523-7A06-4877-ABFE-35C8B5DE3815}.Release|x64.Build.0 = Release|Any CPU
		{566D4523-7A06-4877-ABFE-35C8B5DE3815}.Release|x86.ActiveCfg = Release|Any CPU
		{566D4523-7A06-4877-ABFE-35C8B5DE3815}.Release|x86.Build.0 = Release|Any CPU
		{F74DEFFA-8875-4F3F-AD88-1FCE8DA2AE54}.Debug|Any CPU.ActiveCfg = Debug|Any CPU
		{F74DEFFA-8875-4F3F-AD88-1FCE8DA2AE54}.Debug|Any CPU.Build.0 = Debug|Any CPU
		{F74DEFFA-8875-4F3F-AD88-1FCE8DA2AE54}.Debug|x64.ActiveCfg = Debug|Any CPU
		{F74DEFFA-8875-4F3F-AD88-1FCE8DA2AE54}.Debug|x64.Build.0 = Debug|Any CPU
		{F74DEFFA-8875-4F3F-AD88-1FCE8DA2AE54}.Debug|x86.ActiveCfg = Debug|Any CPU
		{F74DEFFA-8875-4F3F-AD88-1FCE8DA2AE54}.Debug|x86.Build.0 = Debug|Any CPU
		{F74DEFFA-8875-4F3F-AD88-1FCE8DA2AE54}.Release|Any CPU.ActiveCfg = Release|Any CPU
		{F74DEFFA-8875-4F3F-AD88-1FCE8DA2AE54}.Release|Any CPU.Build.0 = Release|Any CPU
		{F74DEFFA-8875-4F3F-AD88-1FCE8DA2AE54}.Release|x64.ActiveCfg = Release|Any CPU
		{F74DEFFA-8875-4F3F-AD88-1FCE8DA2AE54}.Release|x64.Build.0 = Release|Any CPU
		{F74DEFFA-8875-4F3F-AD88-1FCE8DA2AE54}.Release|x86.ActiveCfg = Release|Any CPU
		{F74DEFFA-8875-4F3F-AD88-1FCE8DA2AE54}.Release|x86.Build.0 = Release|Any CPU
		{2F0EDE31-4E11-4F03-884E-CEBF9E163ABC}.Debug|Any CPU.ActiveCfg = Debug|Any CPU
		{2F0EDE31-4E11-4F03-884E-CEBF9E163ABC}.Debug|Any CPU.Build.0 = Debug|Any CPU
		{2F0EDE31-4E11-4F03-884E-CEBF9E163ABC}.Debug|x64.ActiveCfg = Debug|Any CPU
		{2F0EDE31-4E11-4F03-884E-CEBF9E163ABC}.Debug|x64.Build.0 = Debug|Any CPU
		{2F0EDE31-4E11-4F03-884E-CEBF9E163ABC}.Debug|x86.ActiveCfg = Debug|Any CPU
		{2F0EDE31-4E11-4F03-884E-CEBF9E163ABC}.Debug|x86.Build.0 = Debug|Any CPU
		{2F0EDE31-4E11-4F03-884E-CEBF9E163ABC}.Release|Any CPU.ActiveCfg = Release|Any CPU
		{2F0EDE31-4E11-4F03-884E-CEBF9E163ABC}.Release|Any CPU.Build.0 = Release|Any CPU
		{2F0EDE31-4E11-4F03-884E-CEBF9E163ABC}.Release|x64.ActiveCfg = Release|Any CPU
		{2F0EDE31-4E11-4F03-884E-CEBF9E163ABC}.Release|x64.Build.0 = Release|Any CPU
		{2F0EDE31-4E11-4F03-884E-CEBF9E163ABC}.Release|x86.ActiveCfg = Release|Any CPU
		{2F0EDE31-4E11-4F03-884E-CEBF9E163ABC}.Release|x86.Build.0 = Release|Any CPU
		{313A5B6B-59E6-4F27-9762-9E368E19A89B}.Debug|Any CPU.ActiveCfg = Debug|Any CPU
		{313A5B6B-59E6-4F27-9762-9E368E19A89B}.Debug|Any CPU.Build.0 = Debug|Any CPU
		{313A5B6B-59E6-4F27-9762-9E368E19A89B}.Debug|x64.ActiveCfg = Debug|Any CPU
		{313A5B6B-59E6-4F27-9762-9E368E19A89B}.Debug|x64.Build.0 = Debug|Any CPU
		{313A5B6B-59E6-4F27-9762-9E368E19A89B}.Debug|x86.ActiveCfg = Debug|Any CPU
		{313A5B6B-59E6-4F27-9762-9E368E19A89B}.Debug|x86.Build.0 = Debug|Any CPU
		{313A5B6B-59E6-4F27-9762-9E368E19A89B}.Release|Any CPU.ActiveCfg = Release|Any CPU
		{313A5B6B-59E6-4F27-9762-9E368E19A89B}.Release|Any CPU.Build.0 = Release|Any CPU
		{313A5B6B-59E6-4F27-9762-9E368E19A89B}.Release|x64.ActiveCfg = Release|Any CPU
		{313A5B6B-59E6-4F27-9762-9E368E19A89B}.Release|x64.Build.0 = Release|Any CPU
		{313A5B6B-59E6-4F27-9762-9E368E19A89B}.Release|x86.ActiveCfg = Release|Any CPU
		{313A5B6B-59E6-4F27-9762-9E368E19A89B}.Release|x86.Build.0 = Release|Any CPU
		{274F61F0-DD98-47C4-8A6D-7F2E68D7A167}.Debug|Any CPU.ActiveCfg = Debug|Any CPU
		{274F61F0-DD98-47C4-8A6D-7F2E68D7A167}.Debug|Any CPU.Build.0 = Debug|Any CPU
		{274F61F0-DD98-47C4-8A6D-7F2E68D7A167}.Debug|x64.ActiveCfg = Debug|Any CPU
		{274F61F0-DD98-47C4-8A6D-7F2E68D7A167}.Debug|x64.Build.0 = Debug|Any CPU
		{274F61F0-DD98-47C4-8A6D-7F2E68D7A167}.Debug|x86.ActiveCfg = Debug|Any CPU
		{274F61F0-DD98-47C4-8A6D-7F2E68D7A167}.Debug|x86.Build.0 = Debug|Any CPU
		{274F61F0-DD98-47C4-8A6D-7F2E68D7A167}.Release|Any CPU.ActiveCfg = Release|Any CPU
		{274F61F0-DD98-47C4-8A6D-7F2E68D7A167}.Release|Any CPU.Build.0 = Release|Any CPU
		{274F61F0-DD98-47C4-8A6D-7F2E68D7A167}.Release|x64.ActiveCfg = Release|Any CPU
		{274F61F0-DD98-47C4-8A6D-7F2E68D7A167}.Release|x64.Build.0 = Release|Any CPU
		{274F61F0-DD98-47C4-8A6D-7F2E68D7A167}.Release|x86.ActiveCfg = Release|Any CPU
		{274F61F0-DD98-47C4-8A6D-7F2E68D7A167}.Release|x86.Build.0 = Release|Any CPU
		{3305B7B8-077D-4719-A5D1-116C69F3EBA7}.Debug|Any CPU.ActiveCfg = Debug|Any CPU
		{3305B7B8-077D-4719-A5D1-116C69F3EBA7}.Debug|Any CPU.Build.0 = Debug|Any CPU
		{3305B7B8-077D-4719-A5D1-116C69F3EBA7}.Debug|x64.ActiveCfg = Debug|Any CPU
		{3305B7B8-077D-4719-A5D1-116C69F3EBA7}.Debug|x64.Build.0 = Debug|Any CPU
		{3305B7B8-077D-4719-A5D1-116C69F3EBA7}.Debug|x86.ActiveCfg = Debug|Any CPU
		{3305B7B8-077D-4719-A5D1-116C69F3EBA7}.Debug|x86.Build.0 = Debug|Any CPU
		{3305B7B8-077D-4719-A5D1-116C69F3EBA7}.Release|Any CPU.ActiveCfg = Release|Any CPU
		{3305B7B8-077D-4719-A5D1-116C69F3EBA7}.Release|Any CPU.Build.0 = Release|Any CPU
		{3305B7B8-077D-4719-A5D1-116C69F3EBA7}.Release|x64.ActiveCfg = Release|Any CPU
		{3305B7B8-077D-4719-A5D1-116C69F3EBA7}.Release|x64.Build.0 = Release|Any CPU
		{3305B7B8-077D-4719-A5D1-116C69F3EBA7}.Release|x86.ActiveCfg = Release|Any CPU
		{3305B7B8-077D-4719-A5D1-116C69F3EBA7}.Release|x86.Build.0 = Release|Any CPU
	EndGlobalSection
EndGlobal
